// !$*UTF8*$!
{
	archiveVersion = 1;
	classes = {
	};
	objectVersion = 56;
	objects = {

/* Begin PBXBuildFile section */
		58239F532B9F6B6100526DC9 /* AbilityVideoView.swift in Sources */ = {isa = PBXBuildFile; fileRef = 58239F522B9F6B6100526DC9 /* AbilityVideoView.swift */; };
		5887296A2B9EAD2C00937162 /* Overwatch2_APIApp.swift in Sources */ = {isa = PBXBuildFile; fileRef = 588729692B9EAD2C00937162 /* Overwatch2_APIApp.swift */; };
		5887296C2B9EAD2C00937162 /* ContentView.swift in Sources */ = {isa = PBXBuildFile; fileRef = 5887296B2B9EAD2C00937162 /* ContentView.swift */; };
		5887296E2B9EAD2D00937162 /* Assets.xcassets in Resources */ = {isa = PBXBuildFile; fileRef = 5887296D2B9EAD2D00937162 /* Assets.xcassets */; };
		588729712B9EAD2D00937162 /* Preview Assets.xcassets in Resources */ = {isa = PBXBuildFile; fileRef = 588729702B9EAD2D00937162 /* Preview Assets.xcassets */; };
		5887297A2B9EADF400937162 /* HeroesResponse.swift in Sources */ = {isa = PBXBuildFile; fileRef = 588729792B9EADF400937162 /* HeroesResponse.swift */; };
		5887297C2B9EAEA400937162 /* HeroResponse.swift in Sources */ = {isa = PBXBuildFile; fileRef = 5887297B2B9EAEA400937162 /* HeroResponse.swift */; };
		5887297E2B9EAFC900937162 /* NetworkManager.swift in Sources */ = {isa = PBXBuildFile; fileRef = 5887297D2B9EAFC900937162 /* NetworkManager.swift */; };
		588729802B9EB16C00937162 /* HeroesRepository.swift in Sources */ = {isa = PBXBuildFile; fileRef = 5887297F2B9EB16C00937162 /* HeroesRepository.swift */; };
		588729822B9EB4A400937162 /* HeroesView.swift in Sources */ = {isa = PBXBuildFile; fileRef = 588729812B9EB4A400937162 /* HeroesView.swift */; };
		588729842B9EB4DF00937162 /* HeroesViewModel.swift in Sources */ = {isa = PBXBuildFile; fileRef = 588729832B9EB4DF00937162 /* HeroesViewModel.swift */; };
		588729862B9EBAB800937162 /* HeroDetailView.swift in Sources */ = {isa = PBXBuildFile; fileRef = 588729852B9EBAB800937162 /* HeroDetailView.swift */; };
		5887298B2B9EBAF400937162 /* HeroDetailViewModel.swift in Sources */ = {isa = PBXBuildFile; fileRef = 5887298A2B9EBAF400937162 /* HeroDetailViewModel.swift */; };
/* End PBXBuildFile section */

/* Begin PBXFileReference section */
		58239F522B9F6B6100526DC9 /* AbilityVideoView.swift */ = {isa = PBXFileReference; lastKnownFileType = sourcecode.swift; path = AbilityVideoView.swift; sourceTree = "<group>"; };
		588729662B9EAD2C00937162 /* Overwatch2 API.app */ = {isa = PBXFileReference; explicitFileType = wrapper.application; includeInIndex = 0; path = "Overwatch2 API.app"; sourceTree = BUILT_PRODUCTS_DIR; };
		588729692B9EAD2C00937162 /* Overwatch2_APIApp.swift */ = {isa = PBXFileReference; lastKnownFileType = sourcecode.swift; path = Overwatch2_APIApp.swift; sourceTree = "<group>"; };
		5887296B2B9EAD2C00937162 /* ContentView.swift */ = {isa = PBXFileReference; lastKnownFileType = sourcecode.swift; path = ContentView.swift; sourceTree = "<group>"; };
		5887296D2B9EAD2D00937162 /* Assets.xcassets */ = {isa = PBXFileReference; lastKnownFileType = folder.assetcatalog; path = Assets.xcassets; sourceTree = "<group>"; };
		588729702B9EAD2D00937162 /* Preview Assets.xcassets */ = {isa = PBXFileReference; lastKnownFileType = folder.assetcatalog; path = "Preview Assets.xcassets"; sourceTree = "<group>"; };
		588729792B9EADF400937162 /* HeroesResponse.swift */ = {isa = PBXFileReference; lastKnownFileType = sourcecode.swift; path = HeroesResponse.swift; sourceTree = "<group>"; };
		5887297B2B9EAEA400937162 /* HeroResponse.swift */ = {isa = PBXFileReference; lastKnownFileType = sourcecode.swift; path = HeroResponse.swift; sourceTree = "<group>"; };
		5887297D2B9EAFC900937162 /* NetworkManager.swift */ = {isa = PBXFileReference; lastKnownFileType = sourcecode.swift; path = NetworkManager.swift; sourceTree = "<group>"; };
		5887297F2B9EB16C00937162 /* HeroesRepository.swift */ = {isa = PBXFileReference; lastKnownFileType = sourcecode.swift; path = HeroesRepository.swift; sourceTree = "<group>"; };
		588729812B9EB4A400937162 /* HeroesView.swift */ = {isa = PBXFileReference; lastKnownFileType = sourcecode.swift; path = HeroesView.swift; sourceTree = "<group>"; };
		588729832B9EB4DF00937162 /* HeroesViewModel.swift */ = {isa = PBXFileReference; lastKnownFileType = sourcecode.swift; path = HeroesViewModel.swift; sourceTree = "<group>"; };
		588729852B9EBAB800937162 /* HeroDetailView.swift */ = {isa = PBXFileReference; lastKnownFileType = sourcecode.swift; path = HeroDetailView.swift; sourceTree = "<group>"; };
		5887298A2B9EBAF400937162 /* HeroDetailViewModel.swift */ = {isa = PBXFileReference; lastKnownFileType = sourcecode.swift; path = HeroDetailViewModel.swift; sourceTree = "<group>"; };
/* End PBXFileReference section */

/* Begin PBXFrameworksBuildPhase section */
		588729632B9EAD2C00937162 /* Frameworks */ = {
			isa = PBXFrameworksBuildPhase;
			buildActionMask = 2147483647;
			files = (
			);
			runOnlyForDeploymentPostprocessing = 0;
		};
/* End PBXFrameworksBuildPhase section */

/* Begin PBXGroup section */
		58239F4D2B9F1BB500526DC9 /* Network */ = {
			isa = PBXGroup;
			children = (
				5887297D2B9EAFC900937162 /* NetworkManager.swift */,
				5887297F2B9EB16C00937162 /* HeroesRepository.swift */,
			);
			path = Network;
			sourceTree = "<group>";
		};
		5887295D2B9EAD2C00937162 = {
			isa = PBXGroup;
			children = (
				588729682B9EAD2C00937162 /* Overwatch2 API */,
				588729672B9EAD2C00937162 /* Products */,
			);
			sourceTree = "<group>";
		};
		588729672B9EAD2C00937162 /* Products */ = {
			isa = PBXGroup;
			children = (
				588729662B9EAD2C00937162 /* Overwatch2 API.app */,
			);
			name = Products;
			sourceTree = "<group>";
		};
		588729682B9EAD2C00937162 /* Overwatch2 API */ = {
			isa = PBXGroup;
			children = (
				588729772B9EAD3600937162 /* Models */,
				588729692B9EAD2C00937162 /* Overwatch2_APIApp.swift */,
				58239F4D2B9F1BB500526DC9 /* Network */,
				588729872B9EBABC00937162 /* View */,
				588729882B9EBABF00937162 /* ViewModels */,
				5887296D2B9EAD2D00937162 /* Assets.xcassets */,
				5887296F2B9EAD2D00937162 /* Preview Content */,
			);
			path = "Overwatch2 API";
			sourceTree = "<group>";
		};
		5887296F2B9EAD2D00937162 /* Preview Content */ = {
			isa = PBXGroup;
			children = (
				588729702B9EAD2D00937162 /* Preview Assets.xcassets */,
			);
			path = "Preview Content";
			sourceTree = "<group>";
		};
		588729772B9EAD3600937162 /* Models */ = {
			isa = PBXGroup;
			children = (
				588729792B9EADF400937162 /* HeroesResponse.swift */,
				5887297B2B9EAEA400937162 /* HeroResponse.swift */,
			);
			path = Models;
			sourceTree = "<group>";
		};
		588729872B9EBABC00937162 /* View */ = {
			isa = PBXGroup;
			children = (
				5887296B2B9EAD2C00937162 /* ContentView.swift */,
				588729812B9EB4A400937162 /* HeroesView.swift */,
				588729852B9EBAB800937162 /* HeroDetailView.swift */,
				58239F522B9F6B6100526DC9 /* AbilityVideoView.swift */,
			);
			path = View;
			sourceTree = "<group>";
		};
		588729882B9EBABF00937162 /* ViewModels */ = {
			isa = PBXGroup;
			children = (
				588729832B9EB4DF00937162 /* HeroesViewModel.swift */,
				5887298A2B9EBAF400937162 /* HeroDetailViewModel.swift */,
			);
			path = ViewModels;
			sourceTree = "<group>";
		};
/* End PBXGroup section */

/* Begin PBXNativeTarget section */
		588729652B9EAD2C00937162 /* Overwatch2 API */ = {
			isa = PBXNativeTarget;
			buildConfigurationList = 588729742B9EAD2D00937162 /* Build configuration list for PBXNativeTarget "Overwatch2 API" */;
			buildPhases = (
				588729622B9EAD2C00937162 /* Sources */,
				588729632B9EAD2C00937162 /* Frameworks */,
				588729642B9EAD2C00937162 /* Resources */,
			);
			buildRules = (
			);
			dependencies = (
			);
			name = "Overwatch2 API";
			productName = "Overwatch2 API";
			productReference = 588729662B9EAD2C00937162 /* Overwatch2 API.app */;
			productType = "com.apple.product-type.application";
		};
/* End PBXNativeTarget section */

/* Begin PBXProject section */
		5887295E2B9EAD2C00937162 /* Project object */ = {
			isa = PBXProject;
			attributes = {
				BuildIndependentTargetsInParallel = 1;
				LastSwiftUpdateCheck = 1520;
				LastUpgradeCheck = 1520;
				TargetAttributes = {
					588729652B9EAD2C00937162 = {
						CreatedOnToolsVersion = 15.2;
					};
				};
			};
			buildConfigurationList = 588729612B9EAD2C00937162 /* Build configuration list for PBXProject "Overwatch2 API" */;
			compatibilityVersion = "Xcode 14.0";
			developmentRegion = en;
			hasScannedForEncodings = 0;
			knownRegions = (
				en,
				Base,
			);
			mainGroup = 5887295D2B9EAD2C00937162;
			productRefGroup = 588729672B9EAD2C00937162 /* Products */;
			projectDirPath = "";
			projectRoot = "";
			targets = (
				588729652B9EAD2C00937162 /* Overwatch2 API */,
			);
		};
/* End PBXProject section */

/* Begin PBXResourcesBuildPhase section */
		588729642B9EAD2C00937162 /* Resources */ = {
			isa = PBXResourcesBuildPhase;
			buildActionMask = 2147483647;
			files = (
				588729712B9EAD2D00937162 /* Preview Assets.xcassets in Resources */,
				5887296E2B9EAD2D00937162 /* Assets.xcassets in Resources */,
			);
			runOnlyForDeploymentPostprocessing = 0;
		};
/* End PBXResourcesBuildPhase section */

/* Begin PBXSourcesBuildPhase section */
		588729622B9EAD2C00937162 /* Sources */ = {
			isa = PBXSourcesBuildPhase;
			buildActionMask = 2147483647;
			files = (
				5887297A2B9EADF400937162 /* HeroesResponse.swift in Sources */,
				588729802B9EB16C00937162 /* HeroesRepository.swift in Sources */,
				588729842B9EB4DF00937162 /* HeroesViewModel.swift in Sources */,
				588729822B9EB4A400937162 /* HeroesView.swift in Sources */,
				5887296C2B9EAD2C00937162 /* ContentView.swift in Sources */,
				5887297E2B9EAFC900937162 /* NetworkManager.swift in Sources */,
				5887297C2B9EAEA400937162 /* HeroResponse.swift in Sources */,
				58239F532B9F6B6100526DC9 /* AbilityVideoView.swift in Sources */,
				5887296A2B9EAD2C00937162 /* Overwatch2_APIApp.swift in Sources */,
				588729862B9EBAB800937162 /* HeroDetailView.swift in Sources */,
				5887298B2B9EBAF400937162 /* HeroDetailViewModel.swift in Sources */,
			);
			runOnlyForDeploymentPostprocessing = 0;
		};
/* End PBXSourcesBuildPhase section */

/* Begin XCBuildConfiguration section */
		588729722B9EAD2D00937162 /* Debug */ = {
			isa = XCBuildConfiguration;
			buildSettings = {
				ALWAYS_SEARCH_USER_PATHS = NO;
				ASSETCATALOG_COMPILER_GENERATE_SWIFT_ASSET_SYMBOL_EXTENSIONS = YES;
				CLANG_ANALYZER_NONNULL = YES;
				CLANG_ANALYZER_NUMBER_OBJECT_CONVERSION = YES_AGGRESSIVE;
				CLANG_CXX_LANGUAGE_STANDARD = "gnu++20";
				CLANG_ENABLE_MODULES = YES;
				CLANG_ENABLE_OBJC_ARC = YES;
				CLANG_ENABLE_OBJC_WEAK = YES;
				CLANG_WARN_BLOCK_CAPTURE_AUTORELEASING = YES;
				CLANG_WARN_BOOL_CONVERSION = YES;
				CLANG_WARN_COMMA = YES;
				CLANG_WARN_CONSTANT_CONVERSION = YES;
				CLANG_WARN_DEPRECATED_OBJC_IMPLEMENTATIONS = YES;
				CLANG_WARN_DIRECT_OBJC_ISA_USAGE = YES_ERROR;
				CLANG_WARN_DOCUMENTATION_COMMENTS = YES;
				CLANG_WARN_EMPTY_BODY = YES;
				CLANG_WARN_ENUM_CONVERSION = YES;
				CLANG_WARN_INFINITE_RECURSION = YES;
				CLANG_WARN_INT_CONVERSION = YES;
				CLANG_WARN_NON_LITERAL_NULL_CONVERSION = YES;
				CLANG_WARN_OBJC_IMPLICIT_RETAIN_SELF = YES;
				CLANG_WARN_OBJC_LITERAL_CONVERSION = YES;
				CLANG_WARN_OBJC_ROOT_CLASS = YES_ERROR;
				CLANG_WARN_QUOTED_INCLUDE_IN_FRAMEWORK_HEADER = YES;
				CLANG_WARN_RANGE_LOOP_ANALYSIS = YES;
				CLANG_WARN_STRICT_PROTOTYPES = YES;
				CLANG_WARN_SUSPICIOUS_MOVE = YES;
				CLANG_WARN_UNGUARDED_AVAILABILITY = YES_AGGRESSIVE;
				CLANG_WARN_UNREACHABLE_CODE = YES;
				CLANG_WARN__DUPLICATE_METHOD_MATCH = YES;
				COPY_PHASE_STRIP = NO;
				DEBUG_INFORMATION_FORMAT = dwarf;
				ENABLE_STRICT_OBJC_MSGSEND = YES;
				ENABLE_TESTABILITY = YES;
				ENABLE_USER_SCRIPT_SANDBOXING = YES;
				GCC_C_LANGUAGE_STANDARD = gnu17;
				GCC_DYNAMIC_NO_PIC = NO;
				GCC_NO_COMMON_BLOCKS = YES;
				GCC_OPTIMIZATION_LEVEL = 0;
				GCC_PREPROCESSOR_DEFINITIONS = (
					"DEBUG=1",
					"$(inherited)",
				);
				GCC_WARN_64_TO_32_BIT_CONVERSION = YES;
				GCC_WARN_ABOUT_RETURN_TYPE = YES_ERROR;
				GCC_WARN_UNDECLARED_SELECTOR = YES;
				GCC_WARN_UNINITIALIZED_AUTOS = YES_AGGRESSIVE;
				GCC_WARN_UNUSED_FUNCTION = YES;
				GCC_WARN_UNUSED_VARIABLE = YES;
				IPHONEOS_DEPLOYMENT_TARGET = 17.2;
				LOCALIZATION_PREFERS_STRING_CATALOGS = YES;
				MTL_ENABLE_DEBUG_INFO = INCLUDE_SOURCE;
				MTL_FAST_MATH = YES;
				ONLY_ACTIVE_ARCH = YES;
				SDKROOT = iphoneos;
				SWIFT_ACTIVE_COMPILATION_CONDITIONS = "DEBUG $(inherited)";
				SWIFT_OPTIMIZATION_LEVEL = "-Onone";
			};
			name = Debug;
		};
		588729732B9EAD2D00937162 /* Release */ = {
			isa = XCBuildConfiguration;
			buildSettings = {
				ALWAYS_SEARCH_USER_PATHS = NO;
				ASSETCATALOG_COMPILER_GENERATE_SWIFT_ASSET_SYMBOL_EXTENSIONS = YES;
				CLANG_ANALYZER_NONNULL = YES;
				CLANG_ANALYZER_NUMBER_OBJECT_CONVERSION = YES_AGGRESSIVE;
				CLANG_CXX_LANGUAGE_STANDARD = "gnu++20";
				CLANG_ENABLE_MODULES = YES;
				CLANG_ENABLE_OBJC_ARC = YES;
				CLANG_ENABLE_OBJC_WEAK = YES;
				CLANG_WARN_BLOCK_CAPTURE_AUTORELEASING = YES;
				CLANG_WARN_BOOL_CONVERSION = YES;
				CLANG_WARN_COMMA = YES;
				CLANG_WARN_CONSTANT_CONVERSION = YES;
				CLANG_WARN_DEPRECATED_OBJC_IMPLEMENTATIONS = YES;
				CLANG_WARN_DIRECT_OBJC_ISA_USAGE = YES_ERROR;
				CLANG_WARN_DOCUMENTATION_COMMENTS = YES;
				CLANG_WARN_EMPTY_BODY = YES;
				CLANG_WARN_ENUM_CONVERSION = YES;
				CLANG_WARN_INFINITE_RECURSION = YES;
				CLANG_WARN_INT_CONVERSION = YES;
				CLANG_WARN_NON_LITERAL_NULL_CONVERSION = YES;
				CLANG_WARN_OBJC_IMPLICIT_RETAIN_SELF = YES;
				CLANG_WARN_OBJC_LITERAL_CONVERSION = YES;
				CLANG_WARN_OBJC_ROOT_CLASS = YES_ERROR;
				CLANG_WARN_QUOTED_INCLUDE_IN_FRAMEWORK_HEADER = YES;
				CLANG_WARN_RANGE_LOOP_ANALYSIS = YES;
				CLANG_WARN_STRICT_PROTOTYPES = YES;
				CLANG_WARN_SUSPICIOUS_MOVE = YES;
				CLANG_WARN_UNGUARDED_AVAILABILITY = YES_AGGRESSIVE;
				CLANG_WARN_UNREACHABLE_CODE = YES;
				CLANG_WARN__DUPLICATE_METHOD_MATCH = YES;
				COPY_PHASE_STRIP = NO;
				DEBUG_INFORMATION_FORMAT = "dwarf-with-dsym";
				ENABLE_NS_ASSERTIONS = NO;
				ENABLE_STRICT_OBJC_MSGSEND = YES;
				ENABLE_USER_SCRIPT_SANDBOXING = YES;
				GCC_C_LANGUAGE_STANDARD = gnu17;
				GCC_NO_COMMON_BLOCKS = YES;
				GCC_WARN_64_TO_32_BIT_CONVERSION = YES;
				GCC_WARN_ABOUT_RETURN_TYPE = YES_ERROR;
				GCC_WARN_UNDECLARED_SELECTOR = YES;
				GCC_WARN_UNINITIALIZED_AUTOS = YES_AGGRESSIVE;
				GCC_WARN_UNUSED_FUNCTION = YES;
				GCC_WARN_UNUSED_VARIABLE = YES;
				IPHONEOS_DEPLOYMENT_TARGET = 17.2;
				LOCALIZATION_PREFERS_STRING_CATALOGS = YES;
				MTL_ENABLE_DEBUG_INFO = NO;
				MTL_FAST_MATH = YES;
				SDKROOT = iphoneos;
				SWIFT_COMPILATION_MODE = wholemodule;
				VALIDATE_PRODUCT = YES;
			};
			name = Release;
		};
		588729752B9EAD2D00937162 /* Debug */ = {
			isa = XCBuildConfiguration;
			buildSettings = {
				ASSETCATALOG_COMPILER_APPICON_NAME = AppIcon;
				ASSETCATALOG_COMPILER_GLOBAL_ACCENT_COLOR_NAME = AccentColor;
				CODE_SIGN_STYLE = Automatic;
				CURRENT_PROJECT_VERSION = 1;
				DEVELOPMENT_ASSET_PATHS = "\"Overwatch2 API/Preview Content\"";
				DEVELOPMENT_TEAM = FYQZLQ757N;
				ENABLE_PREVIEWS = YES;
				GENERATE_INFOPLIST_FILE = YES;
				INFOPLIST_KEY_UIApplicationSceneManifest_Generation = YES;
				INFOPLIST_KEY_UIApplicationSupportsIndirectInputEvents = YES;
				INFOPLIST_KEY_UILaunchScreen_Generation = YES;
				INFOPLIST_KEY_UISupportedInterfaceOrientations_iPad = "UIInterfaceOrientationPortrait UIInterfaceOrientationPortraitUpsideDown UIInterfaceOrientationLandscapeLeft UIInterfaceOrientationLandscapeRight";
				INFOPLIST_KEY_UISupportedInterfaceOrientations_iPhone = "UIInterfaceOrientationPortrait UIInterfaceOrientationLandscapeLeft UIInterfaceOrientationLandscapeRight";
				LD_RUNPATH_SEARCH_PATHS = (
					"$(inherited)",
					"@executable_path/Frameworks",
				);
				MARKETING_VERSION = 1.0;
				PRODUCT_BUNDLE_IDENTIFIER = "com.nurluyolerislam.Overwatch2-API";
				PRODUCT_NAME = "$(TARGET_NAME)";
				SWIFT_EMIT_LOC_STRINGS = YES;
				SWIFT_VERSION = 5.0;
				TARGETED_DEVICE_FAMILY = "1,2";
			};
			name = Debug;
		};
		588729762B9EAD2D00937162 /* Release */ = {
			isa = XCBuildConfiguration;
			buildSettings = {
				ASSETCATALOG_COMPILER_APPICON_NAME = AppIcon;
				ASSETCATALOG_COMPILER_GLOBAL_ACCENT_COLOR_NAME = AccentColor;
				CODE_SIGN_STYLE = Automatic;
				CURRENT_PROJECT_VERSION = 1;
				DEVELOPMENT_ASSET_PATHS = "\"Overwatch2 API/Preview Content\"";
				DEVELOPMENT_TEAM = FYQZLQ757N;
				ENABLE_PREVIEWS = YES;
				GENERATE_INFOPLIST_FILE = YES;
				INFOPLIST_KEY_UIApplicationSceneManifest_Generation = YES;
				INFOPLIST_KEY_UIApplicationSupportsIndirectInputEvents = YES;
				INFOPLIST_KEY_UILaunchScreen_Generation = YES;
				INFOPLIST_KEY_UISupportedInterfaceOrientations_iPad = "UIInterfaceOrientationPortrait UIInterfaceOrientationPortraitUpsideDown UIInterfaceOrientationLandscapeLeft UIInterfaceOrientationLandscapeRight";
				INFOPLIST_KEY_UISupportedInterfaceOrientations_iPhone = "UIInterfaceOrientationPortrait UIInterfaceOrientationLandscapeLeft UIInterfaceOrientationLandscapeRight";
				LD_RUNPATH_SEARCH_PATHS = (
					"$(inherited)",
					"@executable_path/Frameworks",
				);
				MARKETING_VERSION = 1.0;
				PRODUCT_BUNDLE_IDENTIFIER = "com.nurluyolerislam.Overwatch2-API";
				PRODUCT_NAME = "$(TARGET_NAME)";
				SWIFT_EMIT_LOC_STRINGS = YES;
				SWIFT_VERSION = 5.0;
				TARGETED_DEVICE_FAMILY = "1,2";
			};
			name = Release;
		};
/* End XCBuildConfiguration section */

/* Begin XCConfigurationList section */
		588729612B9EAD2C00937162 /* Build configuration list for PBXProject "Overwatch2 API" */ = {
			isa = XCConfigurationList;
			buildConfigurations = (
				588729722B9EAD2D00937162 /* Debug */,
				588729732B9EAD2D00937162 /* Release */,
			);
			defaultConfigurationIsVisible = 0;
			defaultConfigurationName = Release;
		};
		588729742B9EAD2D00937162 /* Build configuration list for PBXNativeTarget "Overwatch2 API" */ = {
			isa = XCConfigurationList;
			buildConfigurations = (
				588729752B9EAD2D00937162 /* Debug */,
				588729762B9EAD2D00937162 /* Release */,
			);
			defaultConfigurationIsVisible = 0;
			defaultConfigurationName = Release;
		};
/* End XCConfigurationList section */
	};
	rootObject = 5887295E2B9EAD2C00937162 /* Project object */;
}
